
Microsoft Visual Studio Solution File, Format Version 12.00
# Visual Studio Version 16
VisualStudioVersion = 16.0.31025.218
MinimumVisualStudioVersion = 10.0.40219.1
Project("{FAE04EC0-301F-11D3-BF4B-00C04F79EFBC}") = "WindowsFormsApp1", "WindowsFormsApp1\WindowsFormsApp1.csproj", "{4F0C42DE-26FF-428F-8794-0D6EE04773E5}"
EndProject
Global
	GlobalSection(SolutionConfigurationPlatforms) = preSolution
		Debug|Any CPU = Debug|Any CPU
		Release|Any CPU = Release|Any CPU
	EndGlobalSection
	GlobalSection(ProjectConfigurationPlatforms) = postSolution
		{4F0C42DE-26FF-428F-8794-0D6EE04773E5}.Debug|Any CPU.ActiveCfg = Debug|Any CPU
		{4F0C42DE-26FF-428F-8794-0D6EE04773E5}.Debug|Any CPU.Build.0 = Debug|Any CPU
		{4F0C42DE-26FF-428F-8794-0D6EE04773E5}.Release|Any CPU.ActiveCfg = Release|Any CPU
		{4F0C42DE-26FF-428F-8794-0D6EE04773E5}.Release|Any CPU.Build.0 = Release|Any CPU
	EndGlobalSection
	GlobalSection(SolutionProperties) = preSolution
		HideSolutionNode = FALSE
	EndGlobalSection
	GlobalSection(ExtensibilityGlobals) = postSolution
		SolutionGuid = {CABF1C52-1CC8-4B51-A785-2DD85C00F328}
	EndGlobalSection
EndGlobal
